
Microsoft Visual Studio Solution File, Format Version 12.00
# Visual Studio Version 17
VisualStudioVersion = 17.0.31903.59
MinimumVisualStudioVersion = 10.0.40219.1
Project("{FAE04EC0-301F-11D3-BF4B-00C04F79EFBC}") = "SkyGuard.API", "SkyGuard.API\SkyGuard.API.csproj", "{1CCFA3DB-F12A-4534-8515-87722525F2A9}"
EndProject
Project("{FAE04EC0-301F-11D3-BF4B-00C04F79EFBC}") = "SkyGuard.Core", "SkyGuard.Core\SkyGuard.Core.csproj", "{B279DAF4-562C-49BF-B0B9-FB56C88B5F4F}"
EndProject
Project("{FAE04EC0-301F-11D3-BF4B-00C04F79EFBC}") = "SkyGuard.Infrastructure", "SkyGuard.Infrastructure\SkyGuard.Infrastructure.csproj", "{27CCC8CF-F329-4C03-BE7C-11976EB6D271}"
EndProject
Project("{FAE04EC0-301F-11D3-BF4B-00C04F79EFBC}") = "SkyGuard.Tests", "SkyGuard.Tests\SkyGuard.Tests.csproj", "{B1FE117B-2A43-4930-8109-1DA56B0CD01F}"
EndProject
Global
	GlobalSection(SolutionConfigurationPlatforms) = preSolution
		Debug|Any CPU = Debug|Any CPU
		Debug|x64 = Debug|x64
		Debug|x86 = Debug|x86
		Release|Any CPU = Release|Any CPU
		Release|x64 = Release|x64
		Release|x86 = Release|x86
	EndGlobalSection
	GlobalSection(ProjectConfigurationPlatforms) = postSolution
		{1CCFA3DB-F12A-4534-8515-87722525F2A9}.Debug|Any CPU.ActiveCfg = Debug|Any CPU
		{1CCFA3DB-F12A-4534-8515-87722525F2A9}.Debug|Any CPU.Build.0 = Debug|Any CPU
		{1CCFA3DB-F12A-4534-8515-87722525F2A9}.Debug|x64.ActiveCfg = Debug|Any CPU
		{1CCFA3DB-F12A-4534-8515-87722525F2A9}.Debug|x64.Build.0 = Debug|Any CPU
		{1CCFA3DB-F12A-4534-8515-87722525F2A9}.Debug|x86.ActiveCfg = Debug|Any CPU
		{1CCFA3DB-F12A-4534-8515-87722525F2A9}.Debug|x86.Build.0 = Debug|Any CPU
		{1CCFA3DB-F12A-4534-8515-87722525F2A9}.Release|Any CPU.ActiveCfg = Release|Any CPU
		{1CCFA3DB-F12A-4534-8515-87722525F2A9}.Release|Any CPU.Build.0 = Release|Any CPU
		{1CCFA3DB-F12A-4534-8515-87722525F2A9}.Release|x64.ActiveCfg = Release|Any CPU
		{1CCFA3DB-F12A-4534-8515-87722525F2A9}.Release|x64.Build.0 = Release|Any CPU
		{1CCFA3DB-F12A-4534-8515-87722525F2A9}.Release|x86.ActiveCfg = Release|Any CPU
		{1CCFA3DB-F12A-4534-8515-87722525F2A9}.Release|x86.Build.0 = Release|Any CPU
		{B279DAF4-562C-49BF-B0B9-FB56C88B5F4F}.Debug|Any CPU.ActiveCfg = Debug|Any CPU
		{B279DAF4-562C-49BF-B0B9-FB56C88B5F4F}.Debug|Any CPU.Build.0 = Debug|Any CPU
		{B279DAF4-562C-49BF-B0B9-FB56C88B5F4F}.Debug|x64.ActiveCfg = Debug|Any CPU
		{B279DAF4-562C-49BF-B0B9-FB56C88B5F4F}.Debug|x64.Build.0 = Debug|Any CPU
		{B279DAF4-562C-49BF-B0B9-FB56C88B5F4F}.Debug|x86.ActiveCfg = Debug|Any CPU
		{B279DAF4-562C-49BF-B0B9-FB56C88B5F4F}.Debug|x86.Build.0 = Debug|Any CPU
		{B279DAF4-562C-49BF-B0B9-FB56C88B5F4F}.Release|Any CPU.ActiveCfg = Release|Any CPU
		{B279DAF4-562C-49BF-B0B9-FB56C88B5F4F}.Release|Any CPU.Build.0 = Release|Any CPU
		{B279DAF4-562C-49BF-B0B9-FB56C88B5F4F}.Release|x64.ActiveCfg = Release|Any CPU
		{B279DAF4-562C-49BF-B0B9-FB56C88B5F4F}.Release|x64.Build.0 = Release|Any CPU
		{B279DAF4-562C-49BF-B0B9-FB56C88B5F4F}.Release|x86.ActiveCfg = Release|Any CPU
		{B279DAF4-562C-49BF-B0B9-FB56C88B5F4F}.Release|x86.Build.0 = Release|Any CPU
		{27CCC8CF-F329-4C03-BE7C-11976EB6D271}.Debug|Any CPU.ActiveCfg = Debug|Any CPU
		{27CCC8CF-F329-4C03-BE7C-11976EB6D271}.Debug|Any CPU.Build.0 = Debug|Any CPU
		{27CCC8CF-F329-4C03-BE7C-11976EB6D271}.Debug|x64.ActiveCfg = Debug|Any CPU
		{27CCC8CF-F329-4C03-BE7C-11976EB6D271}.Debug|x64.Build.0 = Debug|Any CPU
		{27CCC8CF-F329-4C03-BE7C-11976EB6D271}.Debug|x86.ActiveCfg = Debug|Any CPU
		{27CCC8CF-F329-4C03-BE7C-11976EB6D271}.Debug|x86.Build.0 = Debug|Any CPU
		{27CCC8CF-F329-4C03-BE7C-11976EB6D271}.Release|Any CPU.ActiveCfg = Release|Any CPU
		{27CCC8CF-F329-4C03-BE7C-11976EB6D271}.Release|Any CPU.Build.0 = Release|Any CPU
		{27CCC8CF-F329-4C03-BE7C-11976EB6D271}.Release|x64.ActiveCfg = Release|Any CPU
		{27CCC8CF-F329-4C03-BE7C-11976EB6D271}.Release|x64.Build.0 = Release|Any CPU
		{27CCC8CF-F329-4C03-BE7C-11976EB6D271}.Release|x86.ActiveCfg = Release|Any CPU
		{27CCC8CF-F329-4C03-BE7C-11976EB6D271}.Release|x86.Build.0 = Release|Any CPU
		{B1FE117B-2A43-4930-8109-1DA56B0CD01F}.Debug|Any CPU.ActiveCfg = Debug|Any CPU
		{B1FE117B-2A43-4930-8109-1DA56B0CD01F}.Debug|Any CPU.Build.0 = Debug|Any CPU
		{B1FE117B-2A43-4930-8109-1DA56B0CD01F}.Debug|x64.ActiveCfg = Debug|Any CPU
		{B1FE117B-2A43-4930-8109-1DA56B0CD01F}.Debug|x64.Build.0 = Debug|Any CPU
		{B1FE117B-2A43-4930-8109-1DA56B0CD01F}.Debug|x86.ActiveCfg = Debug|Any CPU
		{B1FE117B-2A43-4930-8109-1DA56B0CD01F}.Debug|x86.Build.0 = Debug|Any CPU
		{B1FE117B-2A43-4930-8109-1DA56B0CD01F}.Release|Any CPU.ActiveCfg = Release|Any CPU
		{B1FE117B-2A43-4930-8109-1DA56B0CD01F}.Release|Any CPU.Build.0 = Release|Any CPU
		{B1FE117B-2A43-4930-8109-1DA56B0CD01F}.Release|x64.ActiveCfg = Release|Any CPU
		{B1FE117B-2A43-4930-8109-1DA56B0CD01F}.Release|x64.Build.0 = Release|Any CPU
		{B1FE117B-2A43-4930-8109-1DA56B0CD01F}.Release|x86.ActiveCfg = Release|Any CPU
		{B1FE117B-2A43-4930-8109-1DA56B0CD01F}.Release|x86.Build.0 = Release|Any CPU
	EndGlobalSection
	GlobalSection(SolutionProperties) = preSolution
		HideSolutionNode = FALSE
	EndGlobalSection
EndGlobal
